
Microsoft Visual Studio Solution File, Format Version 12.00
# Visual Studio Version 17
VisualStudioVersion = 17.9.34728.123
MinimumVisualStudioVersion = 10.0.40219.1
Project("{2150E333-8FDC-42A3-9474-1A3956D46DE8}") = "Core", "Core", "{4F039E27-2D7C-4F53-B01E-AA357807D7A2}"
EndProject
Project("{2150E333-8FDC-42A3-9474-1A3956D46DE8}") = "Infrastructure", "Infrastructure", "{E9E96F75-4080-48BA-8CDF-5C1CD568EEDC}"
EndProject
Project("{2150E333-8FDC-42A3-9474-1A3956D46DE8}") = "Presentation", "Presentation", "{8DA790D6-5697-49A8-9DAA-6C738E5B2580}"
EndProject
Project("{2150E333-8FDC-42A3-9474-1A3956D46DE8}") = "Test", "Test", "{60E68AD2-8EEE-4311-82A2-0900A6D5B875}"
EndProject
Project("{FAE04EC0-301F-11D3-BF4B-00C04F79EFBC}") = "MS.Domain.Patients", "MS.Domain.Patients\MS.Domain.Patients.csproj", "{F4B6C6E9-0D49-4149-B898-1209F3C8923E}"
EndProject
Project("{FAE04EC0-301F-11D3-BF4B-00C04F79EFBC}") = "MS.Domain.Authorization", "MS.Domain.Authorization\MS.Domain.Authorization.csproj", "{C02E183F-99CB-4AD0-886F-B2FABBD16696}"
EndProject
Project("{FAE04EC0-301F-11D3-BF4B-00C04F79EFBC}") = "MS.Domain.ElectronicRecord", "MS.Domain.ElectronicRecord\MS.Domain.ElectronicRecord.csproj", "{1B06DF86-48E5-4FB6-83BB-4F85C9850A9B}"
EndProject
Project("{FAE04EC0-301F-11D3-BF4B-00C04F79EFBC}") = "MS.Domain.Management", "MS.Domain.Management\MS.Domain.Management.csproj", "{701EE50A-EB3A-413A-9C83-1E8DF929DC2C}"
EndProject
Project("{2150E333-8FDC-42A3-9474-1A3956D46DE8}") = "Domain", "Domain", "{622ABAFF-6ABC-419A-B144-07A5794CE515}"
EndProject
Project("{2150E333-8FDC-42A3-9474-1A3956D46DE8}") = "Application", "Application", "{CD58AD98-42FC-4539-A49B-8DE9C9409AA5}"
EndProject
Project("{FAE04EC0-301F-11D3-BF4B-00C04F79EFBC}") = "MS.Application.Authorization", "MS.Application.Authorization\MS.Application.Authorization.csproj", "{3955394D-31C8-47B0-9F59-A0DAD4FE8F9B}"
EndProject
Project("{FAE04EC0-301F-11D3-BF4B-00C04F79EFBC}") = "MS.Application.ElectronicRecord", "MS.Application.ElectronicRecord\MS.Application.ElectronicRecord.csproj", "{4CEE3ABB-1D60-454D-B6EC-44DEF05470D9}"
EndProject
Project("{FAE04EC0-301F-11D3-BF4B-00C04F79EFBC}") = "MS.Application.Management", "MS.Application.Management\MS.Application.Management.csproj", "{0A5CE727-819B-4E48-BDA4-D449852D48DB}"
EndProject
Project("{FAE04EC0-301F-11D3-BF4B-00C04F79EFBC}") = "MS.Application.Patients", "MS.Application.Patients\MS.Application.Patients.csproj", "{7C824FBB-9958-43C5-AD78-E3C227F5EC20}"
EndProject
Project("{FAE04EC0-301F-11D3-BF4B-00C04F79EFBC}") = "MS.Persistence.Authorization", "MS.Persistence.Authorization\MS.Persistence.Authorization.csproj", "{9B593022-E0FB-4E5D-8CE9-A47F7A3437C8}"
EndProject
Project("{FAE04EC0-301F-11D3-BF4B-00C04F79EFBC}") = "MS.Persistence.ElectronicRecord", "MS.Persistence.ElectronicRecord\MS.Persistence.ElectronicRecord.csproj", "{01BBB678-A6A3-4627-8EF4-A21323C36F31}"
EndProject
Project("{FAE04EC0-301F-11D3-BF4B-00C04F79EFBC}") = "MS.Persistence.Management", "MS.Persistence.Management\MS.Persistence.Management.csproj", "{AF36FE35-7995-4963-ABCE-5F8E8A6B044C}"
EndProject
Project("{FAE04EC0-301F-11D3-BF4B-00C04F79EFBC}") = "MS.Persistence.Patients", "MS.Persistence.Patients\MS.Persistence.Patients.csproj", "{06FF1726-BC66-4777-B936-9C3656AFDF98}"
EndProject
Project("{2150E333-8FDC-42A3-9474-1A3956D46DE8}") = "API", "API", "{5B301240-5B6B-441D-B754-E85BCCD0AF4D}"
EndProject
Project("{2150E333-8FDC-42A3-9474-1A3956D46DE8}") = "UI", "UI", "{5CE70DF4-2881-462D-9DA5-329B89DEECEF}"
EndProject
Project("{FAE04EC0-301F-11D3-BF4B-00C04F79EFBC}") = "MS.Authorization.API", "MS.Authorization.API\MS.Authorization.API.csproj", "{4821F176-FB2C-4A2B-9B80-D37A1674BA9A}"
EndProject
Project("{FAE04EC0-301F-11D3-BF4B-00C04F79EFBC}") = "MS.ElectronicRecord.API", "MS.ElectronicRecord.API\MS.ElectronicRecord.API.csproj", "{778EE28A-3D1C-4699-81DC-F60D20A6E385}"
EndProject
Project("{FAE04EC0-301F-11D3-BF4B-00C04F79EFBC}") = "MS.Management.API", "MS.Management.API\MS.Management.API.csproj", "{3CBC690C-8E33-4622-A812-418387F06919}"
EndProject
Project("{FAE04EC0-301F-11D3-BF4B-00C04F79EFBC}") = "MS.Patients.API", "MS.Patients.API\MS.Patients.API.csproj", "{B281E16F-C039-439D-877C-996992AD1A12}"
EndProject
Global
	GlobalSection(SolutionConfigurationPlatforms) = preSolution
		Debug|Any CPU = Debug|Any CPU
		Release|Any CPU = Release|Any CPU
	EndGlobalSection
	GlobalSection(ProjectConfigurationPlatforms) = postSolution
		{F4B6C6E9-0D49-4149-B898-1209F3C8923E}.Debug|Any CPU.ActiveCfg = Debug|Any CPU
		{F4B6C6E9-0D49-4149-B898-1209F3C8923E}.Debug|Any CPU.Build.0 = Debug|Any CPU
		{F4B6C6E9-0D49-4149-B898-1209F3C8923E}.Release|Any CPU.ActiveCfg = Release|Any CPU
		{F4B6C6E9-0D49-4149-B898-1209F3C8923E}.Release|Any CPU.Build.0 = Release|Any CPU
		{C02E183F-99CB-4AD0-886F-B2FABBD16696}.Debug|Any CPU.ActiveCfg = Debug|Any CPU
		{C02E183F-99CB-4AD0-886F-B2FABBD16696}.Debug|Any CPU.Build.0 = Debug|Any CPU
		{C02E183F-99CB-4AD0-886F-B2FABBD16696}.Release|Any CPU.ActiveCfg = Release|Any CPU
		{C02E183F-99CB-4AD0-886F-B2FABBD16696}.Release|Any CPU.Build.0 = Release|Any CPU
		{1B06DF86-48E5-4FB6-83BB-4F85C9850A9B}.Debug|Any CPU.ActiveCfg = Debug|Any CPU
		{1B06DF86-48E5-4FB6-83BB-4F85C9850A9B}.Debug|Any CPU.Build.0 = Debug|Any CPU
		{1B06DF86-48E5-4FB6-83BB-4F85C9850A9B}.Release|Any CPU.ActiveCfg = Release|Any CPU
		{1B06DF86-48E5-4FB6-83BB-4F85C9850A9B}.Release|Any CPU.Build.0 = Release|Any CPU
		{701EE50A-EB3A-413A-9C83-1E8DF929DC2C}.Debug|Any CPU.ActiveCfg = Debug|Any CPU
		{701EE50A-EB3A-413A-9C83-1E8DF929DC2C}.Debug|Any CPU.Build.0 = Debug|Any CPU
		{701EE50A-EB3A-413A-9C83-1E8DF929DC2C}.Release|Any CPU.ActiveCfg = Release|Any CPU
		{701EE50A-EB3A-413A-9C83-1E8DF929DC2C}.Release|Any CPU.Build.0 = Release|Any CPU
		{3955394D-31C8-47B0-9F59-A0DAD4FE8F9B}.Debug|Any CPU.ActiveCfg = Debug|Any CPU
		{3955394D-31C8-47B0-9F59-A0DAD4FE8F9B}.Debug|Any CPU.Build.0 = Debug|Any CPU
		{3955394D-31C8-47B0-9F59-A0DAD4FE8F9B}.Release|Any CPU.ActiveCfg = Release|Any CPU
		{3955394D-31C8-47B0-9F59-A0DAD4FE8F9B}.Release|Any CPU.Build.0 = Release|Any CPU
		{4CEE3ABB-1D60-454D-B6EC-44DEF05470D9}.Debug|Any CPU.ActiveCfg = Debug|Any CPU
		{4CEE3ABB-1D60-454D-B6EC-44DEF05470D9}.Debug|Any CPU.Build.0 = Debug|Any CPU
		{4CEE3ABB-1D60-454D-B6EC-44DEF05470D9}.Release|Any CPU.ActiveCfg = Release|Any CPU
		{4CEE3ABB-1D60-454D-B6EC-44DEF05470D9}.Release|Any CPU.Build.0 = Release|Any CPU
		{0A5CE727-819B-4E48-BDA4-D449852D48DB}.Debug|Any CPU.ActiveCfg = Debug|Any CPU
		{0A5CE727-819B-4E48-BDA4-D449852D48DB}.Debug|Any CPU.Build.0 = Debug|Any CPU
		{0A5CE727-819B-4E48-BDA4-D449852D48DB}.Release|Any CPU.ActiveCfg = Release|Any CPU
		{0A5CE727-819B-4E48-BDA4-D449852D48DB}.Release|Any CPU.Build.0 = Release|Any CPU
		{7C824FBB-9958-43C5-AD78-E3C227F5EC20}.Debug|Any CPU.ActiveCfg = Debug|Any CPU
		{7C824FBB-9958-43C5-AD78-E3C227F5EC20}.Debug|Any CPU.Build.0 = Debug|Any CPU
		{7C824FBB-9958-43C5-AD78-E3C227F5EC20}.Release|Any CPU.ActiveCfg = Release|Any CPU
		{7C824FBB-9958-43C5-AD78-E3C227F5EC20}.Release|Any CPU.Build.0 = Release|Any CPU
		{9B593022-E0FB-4E5D-8CE9-A47F7A3437C8}.Debug|Any CPU.ActiveCfg = Debug|Any CPU
		{9B593022-E0FB-4E5D-8CE9-A47F7A3437C8}.Debug|Any CPU.Build.0 = Debug|Any CPU
		{9B593022-E0FB-4E5D-8CE9-A47F7A3437C8}.Release|Any CPU.ActiveCfg = Release|Any CPU
		{9B593022-E0FB-4E5D-8CE9-A47F7A3437C8}.Release|Any CPU.Build.0 = Release|Any CPU
		{01BBB678-A6A3-4627-8EF4-A21323C36F31}.Debug|Any CPU.ActiveCfg = Debug|Any CPU
		{01BBB678-A6A3-4627-8EF4-A21323C36F31}.Debug|Any CPU.Build.0 = Debug|Any CPU
		{01BBB678-A6A3-4627-8EF4-A21323C36F31}.Release|Any CPU.ActiveCfg = Release|Any CPU
		{01BBB678-A6A3-4627-8EF4-A21323C36F31}.Release|Any CPU.Build.0 = Release|Any CPU
		{AF36FE35-7995-4963-ABCE-5F8E8A6B044C}.Debug|Any CPU.ActiveCfg = Debug|Any CPU
		{AF36FE35-7995-4963-ABCE-5F8E8A6B044C}.Debug|Any CPU.Build.0 = Debug|Any CPU
		{AF36FE35-7995-4963-ABCE-5F8E8A6B044C}.Release|Any CPU.ActiveCfg = Release|Any CPU
		{AF36FE35-7995-4963-ABCE-5F8E8A6B044C}.Release|Any CPU.Build.0 = Release|Any CPU
		{06FF1726-BC66-4777-B936-9C3656AFDF98}.Debug|Any CPU.ActiveCfg = Debug|Any CPU
		{06FF1726-BC66-4777-B936-9C3656AFDF98}.Debug|Any CPU.Build.0 = Debug|Any CPU
		{06FF1726-BC66-4777-B936-9C3656AFDF98}.Release|Any CPU.ActiveCfg = Release|Any CPU
		{06FF1726-BC66-4777-B936-9C3656AFDF98}.Release|Any CPU.Build.0 = Release|Any CPU
		{4821F176-FB2C-4A2B-9B80-D37A1674BA9A}.Debug|Any CPU.ActiveCfg = Debug|Any CPU
		{4821F176-FB2C-4A2B-9B80-D37A1674BA9A}.Debug|Any CPU.Build.0 = Debug|Any CPU
		{4821F176-FB2C-4A2B-9B80-D37A1674BA9A}.Release|Any CPU.ActiveCfg = Release|Any CPU
		{4821F176-FB2C-4A2B-9B80-D37A1674BA9A}.Release|Any CPU.Build.0 = Release|Any CPU
		{778EE28A-3D1C-4699-81DC-F60D20A6E385}.Debug|Any CPU.ActiveCfg = Debug|Any CPU
		{778EE28A-3D1C-4699-81DC-F60D20A6E385}.Debug|Any CPU.Build.0 = Debug|Any CPU
		{778EE28A-3D1C-4699-81DC-F60D20A6E385}.Release|Any CPU.ActiveCfg = Release|Any CPU
		{778EE28A-3D1C-4699-81DC-F60D20A6E385}.Release|Any CPU.Build.0 = Release|Any CPU
		{3CBC690C-8E33-4622-A812-418387F06919}.Debug|Any CPU.ActiveCfg = Debug|Any CPU
		{3CBC690C-8E33-4622-A812-418387F06919}.Debug|Any CPU.Build.0 = Debug|Any CPU
		{3CBC690C-8E33-4622-A812-418387F06919}.Release|Any CPU.ActiveCfg = Release|Any CPU
		{3CBC690C-8E33-4622-A812-418387F06919}.Release|Any CPU.Build.0 = Release|Any CPU
		{B281E16F-C039-439D-877C-996992AD1A12}.Debug|Any CPU.ActiveCfg = Debug|Any CPU
		{B281E16F-C039-439D-877C-996992AD1A12}.Debug|Any CPU.Build.0 = Debug|Any CPU
		{B281E16F-C039-439D-877C-996992AD1A12}.Release|Any CPU.ActiveCfg = Release|Any CPU
		{B281E16F-C039-439D-877C-996992AD1A12}.Release|Any CPU.Build.0 = Release|Any CPU
	EndGlobalSection
	GlobalSection(SolutionProperties) = preSolution
		HideSolutionNode = FALSE
	EndGlobalSection
	GlobalSection(NestedProjects) = preSolution
		{F4B6C6E9-0D49-4149-B898-1209F3C8923E} = {622ABAFF-6ABC-419A-B144-07A5794CE515}
		{C02E183F-99CB-4AD0-886F-B2FABBD16696} = {622ABAFF-6ABC-419A-B144-07A5794CE515}
		{1B06DF86-48E5-4FB6-83BB-4F85C9850A9B} = {622ABAFF-6ABC-419A-B144-07A5794CE515}
		{701EE50A-EB3A-413A-9C83-1E8DF929DC2C} = {622ABAFF-6ABC-419A-B144-07A5794CE515}
		{622ABAFF-6ABC-419A-B144-07A5794CE515} = {4F039E27-2D7C-4F53-B01E-AA357807D7A2}
		{CD58AD98-42FC-4539-A49B-8DE9C9409AA5} = {4F039E27-2D7C-4F53-B01E-AA357807D7A2}
		{3955394D-31C8-47B0-9F59-A0DAD4FE8F9B} = {CD58AD98-42FC-4539-A49B-8DE9C9409AA5}
		{4CEE3ABB-1D60-454D-B6EC-44DEF05470D9} = {CD58AD98-42FC-4539-A49B-8DE9C9409AA5}
		{0A5CE727-819B-4E48-BDA4-D449852D48DB} = {CD58AD98-42FC-4539-A49B-8DE9C9409AA5}
		{7C824FBB-9958-43C5-AD78-E3C227F5EC20} = {CD58AD98-42FC-4539-A49B-8DE9C9409AA5}
		{9B593022-E0FB-4E5D-8CE9-A47F7A3437C8} = {E9E96F75-4080-48BA-8CDF-5C1CD568EEDC}
		{01BBB678-A6A3-4627-8EF4-A21323C36F31} = {E9E96F75-4080-48BA-8CDF-5C1CD568EEDC}
		{AF36FE35-7995-4963-ABCE-5F8E8A6B044C} = {E9E96F75-4080-48BA-8CDF-5C1CD568EEDC}
		{06FF1726-BC66-4777-B936-9C3656AFDF98} = {E9E96F75-4080-48BA-8CDF-5C1CD568EEDC}
		{5B301240-5B6B-441D-B754-E85BCCD0AF4D} = {8DA790D6-5697-49A8-9DAA-6C738E5B2580}
		{5CE70DF4-2881-462D-9DA5-329B89DEECEF} = {8DA790D6-5697-49A8-9DAA-6C738E5B2580}
		{4821F176-FB2C-4A2B-9B80-D37A1674BA9A} = {5B301240-5B6B-441D-B754-E85BCCD0AF4D}
		{778EE28A-3D1C-4699-81DC-F60D20A6E385} = {5B301240-5B6B-441D-B754-E85BCCD0AF4D}
		{3CBC690C-8E33-4622-A812-418387F06919} = {5B301240-5B6B-441D-B754-E85BCCD0AF4D}
		{B281E16F-C039-439D-877C-996992AD1A12} = {5B301240-5B6B-441D-B754-E85BCCD0AF4D}
	EndGlobalSection
	GlobalSection(ExtensibilityGlobals) = postSolution
		SolutionGuid = {1657F5FA-676E-4662-BE03-AFE7B000656B}
	EndGlobalSection
EndGlobal
